
Microsoft Visual Studio Solution File, Format Version 12.00
# Visual Studio 15
VisualStudioVersion = 15.0.28307.271
MinimumVisualStudioVersion = 10.0.40219.1
Project("{FAE04EC0-301F-11D3-BF4B-00C04F79EFBC}") = "SliderTest", "SliderTest\SliderTest.csproj", "{4FF78C37-8054-4E90-ADF3-E05551BEAA8D}"
EndProject
Global
	GlobalSection(SolutionConfigurationPlatforms) = preSolution
		Debug|Any CPU = Debug|Any CPU
		Release|Any CPU = Release|Any CPU
	EndGlobalSection
	GlobalSection(ProjectConfigurationPlatforms) = postSolution
		{4FF78C37-8054-4E90-ADF3-E05551BEAA8D}.Debug|Any CPU.ActiveCfg = Debug|Any CPU
		{4FF78C37-8054-4E90-ADF3-E05551BEAA8D}.Debug|Any CPU.Build.0 = Debug|Any CPU
		{4FF78C37-8054-4E90-ADF3-E05551BEAA8D}.Release|Any CPU.ActiveCfg = Release|Any CPU
		{4FF78C37-8054-4E90-ADF3-E05551BEAA8D}.Release|Any CPU.Build.0 = Release|Any CPU
	EndGlobalSection
	GlobalSection(SolutionProperties) = preSolution
		HideSolutionNode = FALSE
	EndGlobalSection
	GlobalSection(ExtensibilityGlobals) = postSolution
		SolutionGuid = {D0A1A974-08F0-4E73-BA38-6C6DFEE73169}
	EndGlobalSection
EndGlobal
